
Microsoft Visual Studio Solution File, Format Version 11.00
# Visual Studio 2010
Project("{8BC9CEB8-8B4A-11D0-8D11-00A0C91BC942}") = "Game", "Game\Game.vcxproj", "{0AE09444-3C59-4F98-A886-A2F2C05EB960}"
EndProject
Project("{2150E333-8FDC-42A3-9474-1A3956D46DE8}") = "Solution Items", "Solution Items", "{DEB50FE3-69A5-487A-97A0-71F084B02470}"
	ProjectSection(SolutionItems) = preProject
		.gitignore = .gitignore
	EndProjectSection
EndProject
Global
	GlobalSection(SolutionConfigurationPlatforms) = preSolution
		Debug|Win32 = Debug|Win32
		Release|Win32 = Release|Win32
	EndGlobalSection
	GlobalSection(ProjectConfigurationPlatforms) = postSolution
		{0AE09444-3C59-4F98-A886-A2F2C05EB960}.Debug|Win32.ActiveCfg = Debug|Win32
		{0AE09444-3C59-4F98-A886-A2F2C05EB960}.Debug|Win32.Build.0 = Debug|Win32
		{0AE09444-3C59-4F98-A886-A2F2C05EB960}.Release|Win32.ActiveCfg = Release|Win32
		{0AE09444-3C59-4F98-A886-A2F2C05EB960}.Release|Win32.Build.0 = Release|Win32
	EndGlobalSection
	GlobalSection(SolutionProperties) = preSolution
		HideSolutionNode = FALSE
	EndGlobalSection
EndGlobal
